
Microsoft Visual Studio Solution File, Format Version 12.00
Project("{2150E333-8FDC-42A3-9474-1A3956D46DE8}") = "src", "src", "{9D0C92DE-2C43-4996-8A59-36715DFED2D2}"
EndProject
Project("{FAE04EC0-301F-11D3-BF4B-00C04F79EFBC}") = "SRMS.WebUI.Server", "SRMS.WebUI.Server\SRMS.WebUI.Server.csproj", "{8EE6526F-83ED-4039-936E-52917C7D3411}"
EndProject
Project("{FAE04EC0-301F-11D3-BF4B-00C04F79EFBC}") = "SRMS.Domain", "SRMS.Domain\SRMS.Domain.csproj", "{1EA46CE0-6596-45C7-BD0A-52AB28BB043E}"
EndProject
Project("{FAE04EC0-301F-11D3-BF4B-00C04F79EFBC}") = "SRMS.Application", "SRMS.Application\SRMS.Application.csproj", "{4D1EBE6B-B33A-4C26-9979-7F36DDF1E446}"
EndProject
Project("{FAE04EC0-301F-11D3-BF4B-00C04F79EFBC}") = "SRMS.Infrastructure", "SRMS.Infrastructure\SRMS.Infrastructure.csproj", "{22BD53C3-7591-43F3-B11E-C858E822E151}"
EndProject
Project("{FAE04EC0-301F-11D3-BF4B-00C04F79EFBC}") = "SRMS.Testing", "SRMS.Testing\SRMS.Testing.csproj", "{67307908-B3BB-410E-AC60-7A01B426B2BA}"
EndProject
Global
	GlobalSection(SolutionConfigurationPlatforms) = preSolution
		Debug|Any CPU = Debug|Any CPU
		Release|Any CPU = Release|Any CPU
	EndGlobalSection
	GlobalSection(NestedProjects) = preSolution
		{8EE6526F-83ED-4039-936E-52917C7D3411} = {9D0C92DE-2C43-4996-8A59-36715DFED2D2}
		{1EA46CE0-6596-45C7-BD0A-52AB28BB043E} = {9D0C92DE-2C43-4996-8A59-36715DFED2D2}
		{4D1EBE6B-B33A-4C26-9979-7F36DDF1E446} = {9D0C92DE-2C43-4996-8A59-36715DFED2D2}
		{22BD53C3-7591-43F3-B11E-C858E822E151} = {9D0C92DE-2C43-4996-8A59-36715DFED2D2}
		{67307908-B3BB-410E-AC60-7A01B426B2BA} = {9D0C92DE-2C43-4996-8A59-36715DFED2D2}
	EndGlobalSection
	GlobalSection(ProjectConfigurationPlatforms) = postSolution
		{8EE6526F-83ED-4039-936E-52917C7D3411}.Debug|Any CPU.ActiveCfg = Debug|Any CPU
		{8EE6526F-83ED-4039-936E-52917C7D3411}.Debug|Any CPU.Build.0 = Debug|Any CPU
		{8EE6526F-83ED-4039-936E-52917C7D3411}.Release|Any CPU.ActiveCfg = Release|Any CPU
		{8EE6526F-83ED-4039-936E-52917C7D3411}.Release|Any CPU.Build.0 = Release|Any CPU
		{1EA46CE0-6596-45C7-BD0A-52AB28BB043E}.Debug|Any CPU.ActiveCfg = Debug|Any CPU
		{1EA46CE0-6596-45C7-BD0A-52AB28BB043E}.Debug|Any CPU.Build.0 = Debug|Any CPU
		{1EA46CE0-6596-45C7-BD0A-52AB28BB043E}.Release|Any CPU.ActiveCfg = Release|Any CPU
		{1EA46CE0-6596-45C7-BD0A-52AB28BB043E}.Release|Any CPU.Build.0 = Release|Any CPU
		{4D1EBE6B-B33A-4C26-9979-7F36DDF1E446}.Debug|Any CPU.ActiveCfg = Debug|Any CPU
		{4D1EBE6B-B33A-4C26-9979-7F36DDF1E446}.Debug|Any CPU.Build.0 = Debug|Any CPU
		{4D1EBE6B-B33A-4C26-9979-7F36DDF1E446}.Release|Any CPU.ActiveCfg = Release|Any CPU
		{4D1EBE6B-B33A-4C26-9979-7F36DDF1E446}.Release|Any CPU.Build.0 = Release|Any CPU
		{22BD53C3-7591-43F3-B11E-C858E822E151}.Debug|Any CPU.ActiveCfg = Debug|Any CPU
		{22BD53C3-7591-43F3-B11E-C858E822E151}.Debug|Any CPU.Build.0 = Debug|Any CPU
		{22BD53C3-7591-43F3-B11E-C858E822E151}.Release|Any CPU.ActiveCfg = Release|Any CPU
		{22BD53C3-7591-43F3-B11E-C858E822E151}.Release|Any CPU.Build.0 = Release|Any CPU
		{67307908-B3BB-410E-AC60-7A01B426B2BA}.Debug|Any CPU.ActiveCfg = Debug|Any CPU
		{67307908-B3BB-410E-AC60-7A01B426B2BA}.Debug|Any CPU.Build.0 = Debug|Any CPU
		{67307908-B3BB-410E-AC60-7A01B426B2BA}.Release|Any CPU.ActiveCfg = Release|Any CPU
		{67307908-B3BB-410E-AC60-7A01B426B2BA}.Release|Any CPU.Build.0 = Release|Any CPU
	EndGlobalSection
EndGlobal
